
Microsoft Visual Studio Solution File, Format Version 12.00
# Visual Studio Version 17
VisualStudioVersion = 17.11.35327.3
MinimumVisualStudioVersion = 10.0.40219.1
Project("{FAE04EC0-301F-11D3-BF4B-00C04F79EFBC}") = "PrintIngredientsList", "PrintIngredientsList\PrintIngredientsList.csproj", "{CD5DDBE4-EDCF-4E16-BD64-62207C8FCEF9}"
	ProjectSection(ProjectDependencies) = postProject
		{EB45CCAF-08DC-4D5C-9399-A4B18DF79F2F} = {EB45CCAF-08DC-4D5C-9399-A4B18DF79F2F}
	EndProjectSection
EndProject
Project("{FAE04EC0-301F-11D3-BF4B-00C04F79EFBC}") = "LicenseManager", "LicenseManager\LicenseManager.csproj", "{F323D01E-70F0-4F26-8246-95768D5D9F64}"
EndProject
Project("{8BC9CEB8-8B4A-11D0-8D11-00A0C91BC942}") = "ConfigReader", "ConfigReader\ConfigReader.vcxproj", "{EB45CCAF-08DC-4D5C-9399-A4B18DF79F2F}"
EndProject
Global
	GlobalSection(SolutionConfigurationPlatforms) = preSolution
		Debug_License|Any CPU = Debug_License|Any CPU
		Debug_License|x64 = Debug_License|x64
		Debug_License|x86 = Debug_License|x86
		Debug_Motosim|Any CPU = Debug_Motosim|Any CPU
		Debug_Motosim|x64 = Debug_Motosim|x64
		Debug_Motosim|x86 = Debug_Motosim|x86
		Debug|Any CPU = Debug|Any CPU
		Debug|x64 = Debug|x64
		Debug|x86 = Debug|x86
		Release_License|Any CPU = Release_License|Any CPU
		Release_License|x64 = Release_License|x64
		Release_License|x86 = Release_License|x86
		Release|Any CPU = Release|Any CPU
		Release|x64 = Release|x64
		Release|x86 = Release|x86
	EndGlobalSection
	GlobalSection(ProjectConfigurationPlatforms) = postSolution
		{CD5DDBE4-EDCF-4E16-BD64-62207C8FCEF9}.Debug_License|Any CPU.ActiveCfg = Debug|x86
		{CD5DDBE4-EDCF-4E16-BD64-62207C8FCEF9}.Debug_License|Any CPU.Build.0 = Debug|x86
		{CD5DDBE4-EDCF-4E16-BD64-62207C8FCEF9}.Debug_License|x64.ActiveCfg = Debug_License|x86
		{CD5DDBE4-EDCF-4E16-BD64-62207C8FCEF9}.Debug_License|x64.Build.0 = Debug_License|x86
		{CD5DDBE4-EDCF-4E16-BD64-62207C8FCEF9}.Debug_License|x86.ActiveCfg = Debug_License|x86
		{CD5DDBE4-EDCF-4E16-BD64-62207C8FCEF9}.Debug_License|x86.Build.0 = Debug_License|x86
		{CD5DDBE4-EDCF-4E16-BD64-62207C8FCEF9}.Debug_Motosim|Any CPU.ActiveCfg = Debug_License|x86
		{CD5DDBE4-EDCF-4E16-BD64-62207C8FCEF9}.Debug_Motosim|Any CPU.Build.0 = Debug_License|x86
		{CD5DDBE4-EDCF-4E16-BD64-62207C8FCEF9}.Debug_Motosim|x64.ActiveCfg = Debug_License|x86
		{CD5DDBE4-EDCF-4E16-BD64-62207C8FCEF9}.Debug_Motosim|x64.Build.0 = Debug_License|x86
		{CD5DDBE4-EDCF-4E16-BD64-62207C8FCEF9}.Debug_Motosim|x86.ActiveCfg = Debug_License|x86
		{CD5DDBE4-EDCF-4E16-BD64-62207C8FCEF9}.Debug_Motosim|x86.Build.0 = Debug_License|x86
		{CD5DDBE4-EDCF-4E16-BD64-62207C8FCEF9}.Debug|Any CPU.ActiveCfg = Debug|x86
		{CD5DDBE4-EDCF-4E16-BD64-62207C8FCEF9}.Debug|Any CPU.Build.0 = Debug|x86
		{CD5DDBE4-EDCF-4E16-BD64-62207C8FCEF9}.Debug|x64.ActiveCfg = Debug|x86
		{CD5DDBE4-EDCF-4E16-BD64-62207C8FCEF9}.Debug|x64.Build.0 = Debug|x86
		{CD5DDBE4-EDCF-4E16-BD64-62207C8FCEF9}.Debug|x86.ActiveCfg = Debug|x86
		{CD5DDBE4-EDCF-4E16-BD64-62207C8FCEF9}.Debug|x86.Build.0 = Debug|x86
		{CD5DDBE4-EDCF-4E16-BD64-62207C8FCEF9}.Release_License|Any CPU.ActiveCfg = Release|x86
		{CD5DDBE4-EDCF-4E16-BD64-62207C8FCEF9}.Release_License|Any CPU.Build.0 = Release|x86
		{CD5DDBE4-EDCF-4E16-BD64-62207C8FCEF9}.Release_License|x64.ActiveCfg = Release_License|x86
		{CD5DDBE4-EDCF-4E16-BD64-62207C8FCEF9}.Release_License|x64.Build.0 = Release_License|x86
		{CD5DDBE4-EDCF-4E16-BD64-62207C8FCEF9}.Release_License|x86.ActiveCfg = Release_License|x86
		{CD5DDBE4-EDCF-4E16-BD64-62207C8FCEF9}.Release_License|x86.Build.0 = Release_License|x86
		{CD5DDBE4-EDCF-4E16-BD64-62207C8FCEF9}.Release|Any CPU.ActiveCfg = Release|x86
		{CD5DDBE4-EDCF-4E16-BD64-62207C8FCEF9}.Release|Any CPU.Build.0 = Release|x86
		{CD5DDBE4-EDCF-4E16-BD64-62207C8FCEF9}.Release|x64.ActiveCfg = Release|x86
		{CD5DDBE4-EDCF-4E16-BD64-62207C8FCEF9}.Release|x64.Build.0 = Release|x86
		{CD5DDBE4-EDCF-4E16-BD64-62207C8FCEF9}.Release|x86.ActiveCfg = Release|x86
		{CD5DDBE4-EDCF-4E16-BD64-62207C8FCEF9}.Release|x86.Build.0 = Release|x86
		{F323D01E-70F0-4F26-8246-95768D5D9F64}.Debug_License|Any CPU.ActiveCfg = Debug|Any CPU
		{F323D01E-70F0-4F26-8246-95768D5D9F64}.Debug_License|Any CPU.Build.0 = Debug|Any CPU
		{F323D01E-70F0-4F26-8246-95768D5D9F64}.Debug_License|x64.ActiveCfg = Debug|Any CPU
		{F323D01E-70F0-4F26-8246-95768D5D9F64}.Debug_License|x64.Build.0 = Debug|Any CPU
		{F323D01E-70F0-4F26-8246-95768D5D9F64}.Debug_License|x86.ActiveCfg = Debug|Any CPU
		{F323D01E-70F0-4F26-8246-95768D5D9F64}.Debug_License|x86.Build.0 = Debug|Any CPU
		{F323D01E-70F0-4F26-8246-95768D5D9F64}.Debug_Motosim|Any CPU.ActiveCfg = Debug|Any CPU
		{F323D01E-70F0-4F26-8246-95768D5D9F64}.Debug_Motosim|Any CPU.Build.0 = Debug|Any CPU
		{F323D01E-70F0-4F26-8246-95768D5D9F64}.Debug_Motosim|x64.ActiveCfg = Debug|Any CPU
		{F323D01E-70F0-4F26-8246-95768D5D9F64}.Debug_Motosim|x64.Build.0 = Debug|Any CPU
		{F323D01E-70F0-4F26-8246-95768D5D9F64}.Debug_Motosim|x86.ActiveCfg = Debug|Any CPU
		{F323D01E-70F0-4F26-8246-95768D5D9F64}.Debug_Motosim|x86.Build.0 = Debug|Any CPU
		{F323D01E-70F0-4F26-8246-95768D5D9F64}.Debug|Any CPU.ActiveCfg = Debug|Any CPU
		{F323D01E-70F0-4F26-8246-95768D5D9F64}.Debug|Any CPU.Build.0 = Debug|Any CPU
		{F323D01E-70F0-4F26-8246-95768D5D9F64}.Debug|x64.ActiveCfg = Debug|Any CPU
		{F323D01E-70F0-4F26-8246-95768D5D9F64}.Debug|x64.Build.0 = Debug|Any CPU
		{F323D01E-70F0-4F26-8246-95768D5D9F64}.Debug|x86.ActiveCfg = Debug|Any CPU
		{F323D01E-70F0-4F26-8246-95768D5D9F64}.Debug|x86.Build.0 = Debug|Any CPU
		{F323D01E-70F0-4F26-8246-95768D5D9F64}.Release_License|Any CPU.ActiveCfg = Release|Any CPU
		{F323D01E-70F0-4F26-8246-95768D5D9F64}.Release_License|Any CPU.Build.0 = Release|Any CPU
		{F323D01E-70F0-4F26-8246-95768D5D9F64}.Release_License|x64.ActiveCfg = Release|Any CPU
		{F323D01E-70F0-4F26-8246-95768D5D9F64}.Release_License|x64.Build.0 = Release|Any CPU
		{F323D01E-70F0-4F26-8246-95768D5D9F64}.Release_License|x86.ActiveCfg = Release|Any CPU
		{F323D01E-70F0-4F26-8246-95768D5D9F64}.Release_License|x86.Build.0 = Release|Any CPU
		{F323D01E-70F0-4F26-8246-95768D5D9F64}.Release|Any CPU.ActiveCfg = Release|Any CPU
		{F323D01E-70F0-4F26-8246-95768D5D9F64}.Release|Any CPU.Build.0 = Release|Any CPU
		{F323D01E-70F0-4F26-8246-95768D5D9F64}.Release|x64.ActiveCfg = Release|Any CPU
		{F323D01E-70F0-4F26-8246-95768D5D9F64}.Release|x64.Build.0 = Release|Any CPU
		{F323D01E-70F0-4F26-8246-95768D5D9F64}.Release|x86.ActiveCfg = Release|Any CPU
		{F323D01E-70F0-4F26-8246-95768D5D9F64}.Release|x86.Build.0 = Release|Any CPU
		{EB45CCAF-08DC-4D5C-9399-A4B18DF79F2F}.Debug_License|Any CPU.ActiveCfg = Debug_Motosim|x64
		{EB45CCAF-08DC-4D5C-9399-A4B18DF79F2F}.Debug_License|Any CPU.Build.0 = Debug_Motosim|x64
		{EB45CCAF-08DC-4D5C-9399-A4B18DF79F2F}.Debug_License|x64.ActiveCfg = Debug_Motosim|x64
		{EB45CCAF-08DC-4D5C-9399-A4B18DF79F2F}.Debug_License|x64.Build.0 = Debug_Motosim|x64
		{EB45CCAF-08DC-4D5C-9399-A4B18DF79F2F}.Debug_License|x86.ActiveCfg = Debug_Motosim|Win32
		{EB45CCAF-08DC-4D5C-9399-A4B18DF79F2F}.Debug_License|x86.Build.0 = Debug_Motosim|Win32
		{EB45CCAF-08DC-4D5C-9399-A4B18DF79F2F}.Debug_Motosim|Any CPU.ActiveCfg = Debug_Motosim|x64
		{EB45CCAF-08DC-4D5C-9399-A4B18DF79F2F}.Debug_Motosim|Any CPU.Build.0 = Debug_Motosim|x64
		{EB45CCAF-08DC-4D5C-9399-A4B18DF79F2F}.Debug_Motosim|x64.ActiveCfg = Debug_Motosim|x64
		{EB45CCAF-08DC-4D5C-9399-A4B18DF79F2F}.Debug_Motosim|x64.Build.0 = Debug_Motosim|x64
		{EB45CCAF-08DC-4D5C-9399-A4B18DF79F2F}.Debug_Motosim|x86.ActiveCfg = Debug_Motosim|Win32
		{EB45CCAF-08DC-4D5C-9399-A4B18DF79F2F}.Debug_Motosim|x86.Build.0 = Debug_Motosim|Win32
		{EB45CCAF-08DC-4D5C-9399-A4B18DF79F2F}.Debug|Any CPU.ActiveCfg = Debug|x64
		{EB45CCAF-08DC-4D5C-9399-A4B18DF79F2F}.Debug|Any CPU.Build.0 = Debug|x64
		{EB45CCAF-08DC-4D5C-9399-A4B18DF79F2F}.Debug|x64.ActiveCfg = Debug|x64
		{EB45CCAF-08DC-4D5C-9399-A4B18DF79F2F}.Debug|x64.Build.0 = Debug|x64
		{EB45CCAF-08DC-4D5C-9399-A4B18DF79F2F}.Debug|x86.ActiveCfg = Debug|Win32
		{EB45CCAF-08DC-4D5C-9399-A4B18DF79F2F}.Debug|x86.Build.0 = Debug|Win32
		{EB45CCAF-08DC-4D5C-9399-A4B18DF79F2F}.Release_License|Any CPU.ActiveCfg = Release|x64
		{EB45CCAF-08DC-4D5C-9399-A4B18DF79F2F}.Release_License|Any CPU.Build.0 = Release|x64
		{EB45CCAF-08DC-4D5C-9399-A4B18DF79F2F}.Release_License|x64.ActiveCfg = Release|x64
		{EB45CCAF-08DC-4D5C-9399-A4B18DF79F2F}.Release_License|x64.Build.0 = Release|x64
		{EB45CCAF-08DC-4D5C-9399-A4B18DF79F2F}.Release_License|x86.ActiveCfg = Release|Win32
		{EB45CCAF-08DC-4D5C-9399-A4B18DF79F2F}.Release_License|x86.Build.0 = Release|Win32
		{EB45CCAF-08DC-4D5C-9399-A4B18DF79F2F}.Release|Any CPU.ActiveCfg = Release|x64
		{EB45CCAF-08DC-4D5C-9399-A4B18DF79F2F}.Release|Any CPU.Build.0 = Release|x64
		{EB45CCAF-08DC-4D5C-9399-A4B18DF79F2F}.Release|x64.ActiveCfg = Release|x64
		{EB45CCAF-08DC-4D5C-9399-A4B18DF79F2F}.Release|x64.Build.0 = Release|x64
		{EB45CCAF-08DC-4D5C-9399-A4B18DF79F2F}.Release|x86.ActiveCfg = Release|Win32
		{EB45CCAF-08DC-4D5C-9399-A4B18DF79F2F}.Release|x86.Build.0 = Release|Win32
	EndGlobalSection
	GlobalSection(SolutionProperties) = preSolution
		HideSolutionNode = FALSE
	EndGlobalSection
	GlobalSection(ExtensibilityGlobals) = postSolution
		SolutionGuid = {216855E0-A3BA-409D-A356-F06A3DE3D173}
	EndGlobalSection
EndGlobal
